
Microsoft Visual Studio Solution File, Format Version 12.00
Project("{FAE04EC0-301F-11D3-BF4B-00C04F79EFBC}") = "Exercise1", "Exercise1\Exercise1.csproj", "{3E46A380-FD68-4E82-BB81-2E55B9001C7D}"
EndProject
Project("{FAE04EC0-301F-11D3-BF4B-00C04F79EFBC}") = "Exercise2", "Exercise2\Exercise2.csproj", "{D897D8DB-6326-4871-BDF2-B410B1AFE772}"
EndProject
Project("{FAE04EC0-301F-11D3-BF4B-00C04F79EFBC}") = "Exercise3", "Exercise3\Exercise3.csproj", "{E785AFE5-3110-44AB-BDFB-1ABAA9D1CBF4}"
EndProject
Project("{FAE04EC0-301F-11D3-BF4B-00C04F79EFBC}") = "Exercise4", "Exercise4\Exercise4.csproj", "{B954C02B-CC86-4651-8DC3-C860DEC6AAD3}"
EndProject
Project("{FAE04EC0-301F-11D3-BF4B-00C04F79EFBC}") = "Exercise5", "Exercise5\Exercise5.csproj", "{D53CBCF5-3E26-4061-9C90-DFAA4D45DD7E}"
EndProject
Project("{FAE04EC0-301F-11D3-BF4B-00C04F79EFBC}") = "Exercise6", "Exercise6\Exercise6.csproj", "{6EC85A33-FDA2-45A8-8649-72DA98D725B1}"
EndProject
Global
	GlobalSection(SolutionConfigurationPlatforms) = preSolution
		Debug|Any CPU = Debug|Any CPU
		Release|Any CPU = Release|Any CPU
	EndGlobalSection
	GlobalSection(ProjectConfigurationPlatforms) = postSolution
		{3E46A380-FD68-4E82-BB81-2E55B9001C7D}.Debug|Any CPU.ActiveCfg = Debug|Any CPU
		{3E46A380-FD68-4E82-BB81-2E55B9001C7D}.Debug|Any CPU.Build.0 = Debug|Any CPU
		{3E46A380-FD68-4E82-BB81-2E55B9001C7D}.Release|Any CPU.ActiveCfg = Release|Any CPU
		{3E46A380-FD68-4E82-BB81-2E55B9001C7D}.Release|Any CPU.Build.0 = Release|Any CPU
		{D897D8DB-6326-4871-BDF2-B410B1AFE772}.Debug|Any CPU.ActiveCfg = Debug|Any CPU
		{D897D8DB-6326-4871-BDF2-B410B1AFE772}.Debug|Any CPU.Build.0 = Debug|Any CPU
		{D897D8DB-6326-4871-BDF2-B410B1AFE772}.Release|Any CPU.ActiveCfg = Release|Any CPU
		{D897D8DB-6326-4871-BDF2-B410B1AFE772}.Release|Any CPU.Build.0 = Release|Any CPU
		{E785AFE5-3110-44AB-BDFB-1ABAA9D1CBF4}.Debug|Any CPU.ActiveCfg = Debug|Any CPU
		{E785AFE5-3110-44AB-BDFB-1ABAA9D1CBF4}.Debug|Any CPU.Build.0 = Debug|Any CPU
		{E785AFE5-3110-44AB-BDFB-1ABAA9D1CBF4}.Release|Any CPU.ActiveCfg = Release|Any CPU
		{E785AFE5-3110-44AB-BDFB-1ABAA9D1CBF4}.Release|Any CPU.Build.0 = Release|Any CPU
		{B954C02B-CC86-4651-8DC3-C860DEC6AAD3}.Debug|Any CPU.ActiveCfg = Debug|Any CPU
		{B954C02B-CC86-4651-8DC3-C860DEC6AAD3}.Debug|Any CPU.Build.0 = Debug|Any CPU
		{B954C02B-CC86-4651-8DC3-C860DEC6AAD3}.Release|Any CPU.ActiveCfg = Release|Any CPU
		{B954C02B-CC86-4651-8DC3-C860DEC6AAD3}.Release|Any CPU.Build.0 = Release|Any CPU
		{D53CBCF5-3E26-4061-9C90-DFAA4D45DD7E}.Debug|Any CPU.ActiveCfg = Debug|Any CPU
		{D53CBCF5-3E26-4061-9C90-DFAA4D45DD7E}.Debug|Any CPU.Build.0 = Debug|Any CPU
		{D53CBCF5-3E26-4061-9C90-DFAA4D45DD7E}.Release|Any CPU.ActiveCfg = Release|Any CPU
		{D53CBCF5-3E26-4061-9C90-DFAA4D45DD7E}.Release|Any CPU.Build.0 = Release|Any CPU
		{6EC85A33-FDA2-45A8-8649-72DA98D725B1}.Debug|Any CPU.ActiveCfg = Debug|Any CPU
		{6EC85A33-FDA2-45A8-8649-72DA98D725B1}.Debug|Any CPU.Build.0 = Debug|Any CPU
		{6EC85A33-FDA2-45A8-8649-72DA98D725B1}.Release|Any CPU.ActiveCfg = Release|Any CPU
		{6EC85A33-FDA2-45A8-8649-72DA98D725B1}.Release|Any CPU.Build.0 = Release|Any CPU
	EndGlobalSection
EndGlobal
